
Microsoft Visual Studio Solution File, Format Version 12.00
# Visual Studio Version 16
VisualStudioVersion = 16.0.29306.81
MinimumVisualStudioVersion = 10.0.40219.1
Project("{FAE04EC0-301F-11D3-BF4B-00C04F79EFBC}") = "Tactical Gautlet", "Tactical Gautlet.csproj", "{037A2E91-EEAE-457B-8D45-7AF5D2C16470}"
EndProject
Project("{2150E333-8FDC-42A3-9474-1A3956D46DE8}") = "Solution Items", "Solution Items", "{8AB9625C-A165-4BC5-A772-FEBD8325A03C}"
	ProjectSection(SolutionItems) = preProject
		TextFile4.txt = TextFile4.txt
	EndProjectSection
EndProject
Global
	GlobalSection(SolutionConfigurationPlatforms) = preSolution
		Debug|Any CPU = Debug|Any CPU
		Release|Any CPU = Release|Any CPU
	EndGlobalSection
	GlobalSection(ProjectConfigurationPlatforms) = postSolution
		{037A2E91-EEAE-457B-8D45-7AF5D2C16470}.Debug|Any CPU.ActiveCfg = Debug|Any CPU
		{037A2E91-EEAE-457B-8D45-7AF5D2C16470}.Debug|Any CPU.Build.0 = Debug|Any CPU
		{037A2E91-EEAE-457B-8D45-7AF5D2C16470}.Release|Any CPU.ActiveCfg = Release|Any CPU
		{037A2E91-EEAE-457B-8D45-7AF5D2C16470}.Release|Any CPU.Build.0 = Release|Any CPU
	EndGlobalSection
	GlobalSection(SolutionProperties) = preSolution
		HideSolutionNode = FALSE
	EndGlobalSection
	GlobalSection(ExtensibilityGlobals) = postSolution
		SolutionGuid = {9ADA2BC1-203D-4500-858D-3F48DA495388}
	EndGlobalSection
EndGlobal
